// !$*UTF8*$!
{
	archiveVersion = 1;
	classes = {
	};
	objectVersion = 50;
	objects = {

/* Begin PBXFileReference section */
		FBDDC3AC271F2DF8009980DF /* Problem1.cpp */ = {isa = PBXFileReference; lastKnownFileType = sourcecode.cpp.cpp; path = Problem1.cpp; sourceTree = "<group>"; };
		FBDDC3AD271F2DF8009980DF /* Problem1.hpp */ = {isa = PBXFileReference; lastKnownFileType = sourcecode.cpp.h; path = Problem1.hpp; sourceTree = "<group>"; };
		FBDDC3AE2720ABC3009980DF /* Problem2.cpp */ = {isa = PBXFileReference; lastKnownFileType = sourcecode.cpp.cpp; path = Problem2.cpp; sourceTree = "<group>"; };
		FBDDC3B1272A1058009980DF /* Problem2.h */ = {isa = PBXFileReference; lastKnownFileType = sourcecode.c.h; path = Problem2.h; sourceTree = "<group>"; };
		FBDDC3B2272A1087009980DF /* Problem3.h */ = {isa = PBXFileReference; lastKnownFileType = sourcecode.c.h; path = Problem3.h; sourceTree = "<group>"; };
		FBDDC3B3272A1635009980DF /* Problem3.cpp */ = {isa = PBXFileReference; lastKnownFileType = sourcecode.cpp.cpp; path = Problem3.cpp; sourceTree = "<group>"; };
/* End PBXFileReference section */

/* Begin PBXGroup section */
		FBDDC3A5271F2DDE009980DF = {
			isa = PBXGroup;
			children = (
				FBDDC3AC271F2DF8009980DF /* Problem1.cpp */,
				FBDDC3AE2720ABC3009980DF /* Problem2.cpp */,
				FBDDC3B1272A1058009980DF /* Problem2.h */,
				FBDDC3B2272A1087009980DF /* Problem3.h */,
				FBDDC3AD271F2DF8009980DF /* Problem1.hpp */,
				FBDDC3B3272A1635009980DF /* Problem3.cpp */,
			);
			sourceTree = "<group>";
		};
/* End PBXGroup section */

/* Begin PBXProject section */
		FBDDC3A6271F2DDE009980DF /* Project object */ = {
			isa = PBXProject;
			attributes = {
				LastUpgradeCheck = 1250;
			};
			buildConfigurationList = FBDDC3A9271F2DDE009980DF /* Build configuration list for PBXProject "assignment1" */;
			compatibilityVersion = "Xcode 9.3";
			developmentRegion = en;
			hasScannedForEncodings = 0;
			knownRegions = (
				en,
				Base,
			);
			mainGroup = FBDDC3A5271F2DDE009980DF;
			projectDirPath = "";
			projectRoot = "";
			targets = (
			);
		};
/* End PBXProject section */

/* Begin XCBuildConfiguration section */
		FBDDC3AA271F2DDE009980DF /* Debug */ = {
			isa = XCBuildConfiguration;
			buildSettings = {
			};
			name = Debug;
		};
		FBDDC3AB271F2DDE009980DF /* Release */ = {
			isa = XCBuildConfiguration;
			buildSettings = {
			};
			name = Release;
		};
/* End XCBuildConfiguration section */

/* Begin XCConfigurationList section */
		FBDDC3A9271F2DDE009980DF /* Build configuration list for PBXProject "assignment1" */ = {
			isa = XCConfigurationList;
			buildConfigurations = (
				FBDDC3AA271F2DDE009980DF /* Debug */,
				FBDDC3AB271F2DDE009980DF /* Release */,
			);
			defaultConfigurationIsVisible = 0;
			defaultConfigurationName = Release;
		};
/* End XCConfigurationList section */
	};
	rootObject = FBDDC3A6271F2DDE009980DF /* Project object */;
}
